<Solution>
  <Folder Name="/src/">
    <Project Path="src/WebApolice.Api/WebApolice.Api.csproj" />
    <Project Path="src/WebApolice.SharedKernel/WebApolice.SharedKernel.csproj" />
    <Project Path="src/WebApolice.Shared.Infrastructure/WebApolice.Shared.Infrastructure.csproj" />
  </Folder>
  <Folder Name="/tests/">
    <Project Path="tests/WebApolice.Api.Tests/WebApolice.Api.Tests.csproj" />
    <Project Path="tests/WebApolice.Architecture.Tests/WebApolice.Architecture.Tests.csproj" />
    <Project Path="tests/WebApolice.Integration.Tests/WebApolice.Integration.Tests.csproj" />
  </Folder>
</Solution>
